
Microsoft Visual Studio Solution File, Format Version 12.00
# Visual Studio Version 17
VisualStudioVersion = 17.11.35222.181
MinimumVisualStudioVersion = 10.0.40219.1
Project("{FAE04EC0-301F-11D3-BF4B-00C04F79EFBC}") = "Prueba", "Prueba.csproj", "{7E2DC1B9-3C80-48C0-8A50-F4007087A61F}"
EndProject
Global
	GlobalSection(SolutionConfigurationPlatforms) = preSolution
		Debug|Any CPU = Debug|Any CPU
		Release|Any CPU = Release|Any CPU
	EndGlobalSection
	GlobalSection(ProjectConfigurationPlatforms) = postSolution
		{7E2DC1B9-3C80-48C0-8A50-F4007087A61F}.Debug|Any CPU.ActiveCfg = Debug|Any CPU
		{7E2DC1B9-3C80-48C0-8A50-F4007087A61F}.Debug|Any CPU.Build.0 = Debug|Any CPU
		{7E2DC1B9-3C80-48C0-8A50-F4007087A61F}.Release|Any CPU.ActiveCfg = Release|Any CPU
		{7E2DC1B9-3C80-48C0-8A50-F4007087A61F}.Release|Any CPU.Build.0 = Release|Any CPU
	EndGlobalSection
	GlobalSection(SolutionProperties) = preSolution
		HideSolutionNode = FALSE
	EndGlobalSection
	GlobalSection(ExtensibilityGlobals) = postSolution
		SolutionGuid = {8CFB676F-619B-4466-B2FB-DB9267548F01}
	EndGlobalSection
EndGlobal
